
Microsoft Visual Studio Solution File, Format Version 12.00
# Visual Studio 15
VisualStudioVersion = 15.0.28307.438
MinimumVisualStudioVersion = 10.0.40219.1
Project("{8BC9CEB8-8B4A-11D0-8D11-00A0C91BC942}") = "Lab2", "Lab2\Lab2.vcxproj", "{BDB88440-F6A1-4FBE-B223-DF8B12B4775E}"
EndProject
Project("{8BC9CEB8-8B4A-11D0-8D11-00A0C91BC942}") = "Creator", "Creator\Creator.vcxproj", "{F45BD9D1-61A1-4EA2-9376-F8AD81B4DA8F}"
EndProject
Project("{8BC9CEB8-8B4A-11D0-8D11-00A0C91BC942}") = "Reporter", "Reporter\Reporter.vcxproj", "{DC3FF020-DB8A-42CC-91BD-E475B931DD08}"
EndProject
Project("{8BC9CEB8-8B4A-11D0-8D11-00A0C91BC942}") = "UnitTests", "UnitTests\UnitTests.vcxproj", "{BE416BB2-801D-49A6-9058-C6D4FCFF07EE}"
EndProject
Global
	GlobalSection(SolutionConfigurationPlatforms) = preSolution
		Debug|x64 = Debug|x64
		Debug|x86 = Debug|x86
		Release|x64 = Release|x64
		Release|x86 = Release|x86
	EndGlobalSection
	GlobalSection(ProjectConfigurationPlatforms) = postSolution
		{BDB88440-F6A1-4FBE-B223-DF8B12B4775E}.Debug|x64.ActiveCfg = Debug|x64
		{BDB88440-F6A1-4FBE-B223-DF8B12B4775E}.Debug|x64.Build.0 = Debug|x64
		{BDB88440-F6A1-4FBE-B223-DF8B12B4775E}.Debug|x86.ActiveCfg = Debug|Win32
		{BDB88440-F6A1-4FBE-B223-DF8B12B4775E}.Debug|x86.Build.0 = Debug|Win32
		{BDB88440-F6A1-4FBE-B223-DF8B12B4775E}.Release|x64.ActiveCfg = Release|x64
		{BDB88440-F6A1-4FBE-B223-DF8B12B4775E}.Release|x64.Build.0 = Release|x64
		{BDB88440-F6A1-4FBE-B223-DF8B12B4775E}.Release|x86.ActiveCfg = Release|Win32
		{BDB88440-F6A1-4FBE-B223-DF8B12B4775E}.Release|x86.Build.0 = Release|Win32
		{F45BD9D1-61A1-4EA2-9376-F8AD81B4DA8F}.Debug|x64.ActiveCfg = Debug|x64
		{F45BD9D1-61A1-4EA2-9376-F8AD81B4DA8F}.Debug|x64.Build.0 = Debug|x64
		{F45BD9D1-61A1-4EA2-9376-F8AD81B4DA8F}.Debug|x86.ActiveCfg = Debug|Win32
		{F45BD9D1-61A1-4EA2-9376-F8AD81B4DA8F}.Debug|x86.Build.0 = Debug|Win32
		{F45BD9D1-61A1-4EA2-9376-F8AD81B4DA8F}.Release|x64.ActiveCfg = Release|x64
		{F45BD9D1-61A1-4EA2-9376-F8AD81B4DA8F}.Release|x64.Build.0 = Release|x64
		{F45BD9D1-61A1-4EA2-9376-F8AD81B4DA8F}.Release|x86.ActiveCfg = Release|Win32
		{F45BD9D1-61A1-4EA2-9376-F8AD81B4DA8F}.Release|x86.Build.0 = Release|Win32
		{DC3FF020-DB8A-42CC-91BD-E475B931DD08}.Debug|x64.ActiveCfg = Debug|x64
		{DC3FF020-DB8A-42CC-91BD-E475B931DD08}.Debug|x64.Build.0 = Debug|x64
		{DC3FF020-DB8A-42CC-91BD-E475B931DD08}.Debug|x86.ActiveCfg = Debug|Win32
		{DC3FF020-DB8A-42CC-91BD-E475B931DD08}.Debug|x86.Build.0 = Debug|Win32
		{DC3FF020-DB8A-42CC-91BD-E475B931DD08}.Release|x64.ActiveCfg = Release|x64
		{DC3FF020-DB8A-42CC-91BD-E475B931DD08}.Release|x64.Build.0 = Release|x64
		{DC3FF020-DB8A-42CC-91BD-E475B931DD08}.Release|x86.ActiveCfg = Release|Win32
		{DC3FF020-DB8A-42CC-91BD-E475B931DD08}.Release|x86.Build.0 = Release|Win32
		{BE416BB2-801D-49A6-9058-C6D4FCFF07EE}.Debug|x64.ActiveCfg = Debug|x64
		{BE416BB2-801D-49A6-9058-C6D4FCFF07EE}.Debug|x64.Build.0 = Debug|x64
		{BE416BB2-801D-49A6-9058-C6D4FCFF07EE}.Debug|x86.ActiveCfg = Debug|Win32
		{BE416BB2-801D-49A6-9058-C6D4FCFF07EE}.Debug|x86.Build.0 = Debug|Win32
		{BE416BB2-801D-49A6-9058-C6D4FCFF07EE}.Release|x64.ActiveCfg = Release|x64
		{BE416BB2-801D-49A6-9058-C6D4FCFF07EE}.Release|x64.Build.0 = Release|x64
		{BE416BB2-801D-49A6-9058-C6D4FCFF07EE}.Release|x86.ActiveCfg = Release|Win32
		{BE416BB2-801D-49A6-9058-C6D4FCFF07EE}.Release|x86.Build.0 = Release|Win32
	EndGlobalSection
	GlobalSection(SolutionProperties) = preSolution
		HideSolutionNode = FALSE
	EndGlobalSection
	GlobalSection(ExtensibilityGlobals) = postSolution
		SolutionGuid = {3821E8AE-51D5-451D-A79D-729C3946A933}
	EndGlobalSection
EndGlobal
